
Microsoft Visual Studio Solution File, Format Version 12.00
# Visual Studio 15
VisualStudioVersion = 15.0.26228.9
MinimumVisualStudioVersion = 10.0.40219.1
Project("{FAE04EC0-301F-11D3-BF4B-00C04F79EFBC}") = "KuinStudio", "KuinStudio\KuinStudio.csproj", "{F8E2E534-CFCC-40E4-AE17-A16A23A14609}"
EndProject
Project("{FAE04EC0-301F-11D3-BF4B-00C04F79EFBC}") = "KuinCodeItemTemplate", "KuinCodeItemTemplate\KuinCodeItemTemplate.csproj", "{31F1DD5E-BBC7-48B2-A961-B15F9F09B894}"
EndProject
Project("{FAE04EC0-301F-11D3-BF4B-00C04F79EFBC}") = "KuinProjectTemplate", "KuinProjectTemplate\KuinProjectTemplate.csproj", "{8B2141C6-DCC7-401A-B101-5839F6B867E3}"
EndProject
Global
	GlobalSection(SolutionConfigurationPlatforms) = preSolution
		Debug|Any CPU = Debug|Any CPU
		Release|Any CPU = Release|Any CPU
	EndGlobalSection
	GlobalSection(ProjectConfigurationPlatforms) = postSolution
		{F8E2E534-CFCC-40E4-AE17-A16A23A14609}.Debug|Any CPU.ActiveCfg = Debug|Any CPU
		{F8E2E534-CFCC-40E4-AE17-A16A23A14609}.Debug|Any CPU.Build.0 = Debug|Any CPU
		{F8E2E534-CFCC-40E4-AE17-A16A23A14609}.Release|Any CPU.ActiveCfg = Release|Any CPU
		{F8E2E534-CFCC-40E4-AE17-A16A23A14609}.Release|Any CPU.Build.0 = Release|Any CPU
		{31F1DD5E-BBC7-48B2-A961-B15F9F09B894}.Debug|Any CPU.ActiveCfg = Debug|Any CPU
		{31F1DD5E-BBC7-48B2-A961-B15F9F09B894}.Debug|Any CPU.Build.0 = Debug|Any CPU
		{31F1DD5E-BBC7-48B2-A961-B15F9F09B894}.Release|Any CPU.ActiveCfg = Release|Any CPU
		{31F1DD5E-BBC7-48B2-A961-B15F9F09B894}.Release|Any CPU.Build.0 = Release|Any CPU
		{8B2141C6-DCC7-401A-B101-5839F6B867E3}.Debug|Any CPU.ActiveCfg = Debug|Any CPU
		{8B2141C6-DCC7-401A-B101-5839F6B867E3}.Debug|Any CPU.Build.0 = Debug|Any CPU
		{8B2141C6-DCC7-401A-B101-5839F6B867E3}.Release|Any CPU.ActiveCfg = Release|Any CPU
		{8B2141C6-DCC7-401A-B101-5839F6B867E3}.Release|Any CPU.Build.0 = Release|Any CPU
	EndGlobalSection
	GlobalSection(SolutionProperties) = preSolution
		HideSolutionNode = FALSE
	EndGlobalSection
EndGlobal
